
Microsoft Visual Studio Solution File, Format Version 12.00
# Visual Studio 15
VisualStudioVersion = 15.0.28307.329
MinimumVisualStudioVersion = 10.0.40219.1
Project("{2150E333-8FDC-42A3-9474-1A3956D46DE8}") = "src", "src", "{39596814-48BE-4357-9979-5427CB371DA5}"
EndProject
Project("{2150E333-8FDC-42A3-9474-1A3956D46DE8}") = "tests", "tests", "{B0964D13-05A1-4C0A-8543-09CDC8D574B5}"
EndProject
Project("{FAE04EC0-301F-11D3-BF4B-00C04F79EFBC}") = "Extensions", "src\Extensions\Extensions.csproj", "{00DA7C2C-2772-4F90-96F4-750D213DDBB2}"
EndProject
Project("{FAE04EC0-301F-11D3-BF4B-00C04F79EFBC}") = "Extensions.Tests", "tests\Extensions.Tests\Extensions.Tests.csproj", "{B121302D-9952-4AB6-8F4C-5DD73CA09CFC}"
EndProject
Global
	GlobalSection(SolutionConfigurationPlatforms) = preSolution
		Debug|Any CPU = Debug|Any CPU
		Release|Any CPU = Release|Any CPU
	EndGlobalSection
	GlobalSection(ProjectConfigurationPlatforms) = postSolution
		{00DA7C2C-2772-4F90-96F4-750D213DDBB2}.Debug|Any CPU.ActiveCfg = Debug|Any CPU
		{00DA7C2C-2772-4F90-96F4-750D213DDBB2}.Debug|Any CPU.Build.0 = Debug|Any CPU
		{00DA7C2C-2772-4F90-96F4-750D213DDBB2}.Release|Any CPU.ActiveCfg = Release|Any CPU
		{00DA7C2C-2772-4F90-96F4-750D213DDBB2}.Release|Any CPU.Build.0 = Release|Any CPU
		{B121302D-9952-4AB6-8F4C-5DD73CA09CFC}.Debug|Any CPU.ActiveCfg = Debug|Any CPU
		{B121302D-9952-4AB6-8F4C-5DD73CA09CFC}.Debug|Any CPU.Build.0 = Debug|Any CPU
		{B121302D-9952-4AB6-8F4C-5DD73CA09CFC}.Release|Any CPU.ActiveCfg = Release|Any CPU
		{B121302D-9952-4AB6-8F4C-5DD73CA09CFC}.Release|Any CPU.Build.0 = Release|Any CPU
	EndGlobalSection
	GlobalSection(SolutionProperties) = preSolution
		HideSolutionNode = FALSE
	EndGlobalSection
	GlobalSection(NestedProjects) = preSolution
		{00DA7C2C-2772-4F90-96F4-750D213DDBB2} = {39596814-48BE-4357-9979-5427CB371DA5}
		{B121302D-9952-4AB6-8F4C-5DD73CA09CFC} = {B0964D13-05A1-4C0A-8543-09CDC8D574B5}
	EndGlobalSection
	GlobalSection(ExtensibilityGlobals) = postSolution
		SolutionGuid = {53C8812D-4F4A-4182-AF41-54275EFC5052}
	EndGlobalSection
EndGlobal
